Microsoft Visual Studio Solution File, Format Version 12.00
# Visual Studio Version 17
VisualStudioVersion = 17.5.2.0
MinimumVisualStudioVersion = 10.0.40219.1
Project("{FAE04EC0-301F-11D3-BF4B-00C04F79EFBC}") = "ProfileCardApp", "ProfileCardApp.csproj", "{DF0FC37F-F8DE-EB94-C5B3-7EFA9BABB2D1}"
EndProject
Global
	GlobalSection(SolutionConfigurationPlatforms) = preSolution
		Debug|Any CPU = Debug|Any CPU
		Release|Any CPU = Release|Any CPU
	EndGlobalSection
	GlobalSection(ProjectConfigurationPlatforms) = postSolution
		{DF0FC37F-F8DE-EB94-C5B3-7EFA9BABB2D1}.Debug|Any CPU.ActiveCfg = Debug|Any CPU
		{DF0FC37F-F8DE-EB94-C5B3-7EFA9BABB2D1}.Debug|Any CPU.Build.0 = Debug|Any CPU
		{DF0FC37F-F8DE-EB94-C5B3-7EFA9BABB2D1}.Release|Any CPU.ActiveCfg = Release|Any CPU
		{DF0FC37F-F8DE-EB94-C5B3-7EFA9BABB2D1}.Release|Any CPU.Build.0 = Release|Any CPU
	EndGlobalSection
	GlobalSection(SolutionProperties) = preSolution
		HideSolutionNode = FALSE
	EndGlobalSection
	GlobalSection(ExtensibilityGlobals) = postSolution
		SolutionGuid = {687FD0B8-D3F5-4E07-A364-DBFFFEF606C9}
	EndGlobalSection
EndGlobal
